
Microsoft Visual Studio Solution File, Format Version 12.00
# Visual Studio Version 17
VisualStudioVersion = 17.4.33110.190
MinimumVisualStudioVersion = 10.0.40219.1
Project("{9A19103F-16F7-4668-BE54-9A1E7A4F7556}") = "OnlineAnnounceV2", "OnlineAnnounceV2\OnlineAnnounceV2.csproj", "{6104369B-FE6B-473E-B854-722971A2CCCB}"
EndProject
Global
	GlobalSection(SolutionConfigurationPlatforms) = preSolution
		Debug|Any CPU = Debug|Any CPU
		Debug|x64 = Debug|x64
		Debug|x86 = Debug|x86
		Release|Any CPU = Release|Any CPU
		Release|x64 = Release|x64
		Release|x86 = Release|x86
		x64|Any CPU = x64|Any CPU
		x64|x64 = x64|x64
		x64|x86 = x64|x86
	EndGlobalSection
	GlobalSection(ProjectConfigurationPlatforms) = postSolution
		{6104369B-FE6B-473E-B854-722971A2CCCB}.Debug|Any CPU.ActiveCfg = Debug|Any CPU
		{6104369B-FE6B-473E-B854-722971A2CCCB}.Debug|Any CPU.Build.0 = Debug|Any CPU
		{6104369B-FE6B-473E-B854-722971A2CCCB}.Debug|x64.ActiveCfg = Debug|x64
		{6104369B-FE6B-473E-B854-722971A2CCCB}.Debug|x64.Build.0 = Debug|x64
		{6104369B-FE6B-473E-B854-722971A2CCCB}.Debug|x86.ActiveCfg = Debug|Any CPU
		{6104369B-FE6B-473E-B854-722971A2CCCB}.Debug|x86.Build.0 = Debug|Any CPU
		{6104369B-FE6B-473E-B854-722971A2CCCB}.Release|Any CPU.ActiveCfg = Release|Any CPU
		{6104369B-FE6B-473E-B854-722971A2CCCB}.Release|Any CPU.Build.0 = Release|Any CPU
		{6104369B-FE6B-473E-B854-722971A2CCCB}.Release|x64.ActiveCfg = Release|x64
		{6104369B-FE6B-473E-B854-722971A2CCCB}.Release|x64.Build.0 = Release|x64
		{6104369B-FE6B-473E-B854-722971A2CCCB}.Release|x86.ActiveCfg = Release|Any CPU
		{6104369B-FE6B-473E-B854-722971A2CCCB}.Release|x86.Build.0 = Release|Any CPU
		{6104369B-FE6B-473E-B854-722971A2CCCB}.x64|Any CPU.ActiveCfg = x64|Any CPU
		{6104369B-FE6B-473E-B854-722971A2CCCB}.x64|Any CPU.Build.0 = x64|Any CPU
		{6104369B-FE6B-473E-B854-722971A2CCCB}.x64|x64.ActiveCfg = x64|x64
		{6104369B-FE6B-473E-B854-722971A2CCCB}.x64|x64.Build.0 = x64|x64
		{6104369B-FE6B-473E-B854-722971A2CCCB}.x64|x86.ActiveCfg = x64|Any CPU
		{6104369B-FE6B-473E-B854-722971A2CCCB}.x64|x86.Build.0 = x64|Any CPU
	EndGlobalSection
	GlobalSection(SolutionProperties) = preSolution
		HideSolutionNode = FALSE
	EndGlobalSection
	GlobalSection(ExtensibilityGlobals) = postSolution
		SolutionGuid = {25DFD027-ACF6-4AD5-BADF-B2D797A817BF}
	EndGlobalSection
EndGlobal
